{
  "name": "meal-planner-server",
  "version": "1.0.0",
  "lockfileVersion": 1,
  "requires": true,
  "dependencies": {
    "@cloudflare/workers-types": {
      "version": "2.1.0",
      "resolved": "https://registry.npmjs.org/@cloudflare/workers-types/-/workers-types-2.1.0.tgz",
      "integrity": "sha512-VmXaHTq0lt6Xre4aK1hUK25hjZjuEUkHtdUEt0FJamv+NzQO54Gwp6Zr5Cfu6SP5EQ/tTmTMP/tK9npA8zhcCg=="
    },
    "@types/node": {
      "version": "14.14.8",
      "resolved": "https://registry.npmjs.org/@types/node/-/node-14.14.8.tgz",
      "integrity": "sha512-z/5Yd59dCKI5kbxauAJgw6dLPzW+TNOItNE00PkpzNwUIEwdj/Lsqwq94H5DdYBX7C13aRA0CY32BK76+neEUA=="
    },
    "@types/service_worker_api": {
      "version": "0.0.9",
      "resolved": "https://registry.npmjs.org/@types/service_worker_api/-/service_worker_api-0.0.9.tgz",
      "integrity": "sha1-cmn/L6DifiOjiiLokJU09jgj3ug=",
      "requires": {
        "@types/whatwg-fetch": "*"
      }
    },
    "@types/whatwg-fetch": {
      "version": "0.0.33",
      "resolved": "https://registry.npmjs.org/@types/whatwg-fetch/-/whatwg-fetch-0.0.33.tgz",
      "integrity": "sha1-GcDShjyMsjgPIaHHNrecv3iVuxM=",
      "requires": {
        "@types/whatwg-streams": "*"
      }
    },
    "@types/whatwg-streams": {
      "version": "3.2.1",
      "resolved": "https://registry.npmjs.org/@types/whatwg-streams/-/whatwg-streams-3.2.1.tgz",
      "integrity": "sha512-Syv05sRL25b8cC8tqgXSQgLZZmqGq2GO+NafrtHbjPJccP6gWBXmHvo2Trw3AWXQ4QLIkVuOB7uStCuhzswyiw==",
      "requires": {
        "whatwg-streams": "*"
      }
    },
    "bluebird": {
      "version": "1.0.8",
      "resolved": "https://registry.npmjs.org/bluebird/-/bluebird-1.0.8.tgz",
      "integrity": "sha1-hRx4JebM5Z5LQ93pXVdLiGdUY/w="
    },
    "deep-equal": {
      "version": "0.1.2",
      "resolved": "https://registry.npmjs.org/deep-equal/-/deep-equal-0.1.2.tgz",
      "integrity": "sha1-skbCuApXCkfBG+HZvRBw7IeLh84="
    },
    "defined": {
      "version": "0.0.0",
      "resolved": "https://registry.npmjs.org/defined/-/defined-0.0.0.tgz",
      "integrity": "sha1-817qfXBekzuvE7LwOz+D2SFAOz4="
    },
    "esbuild": {
      "version": "0.8.9",
      "resolved": "https://registry.npmjs.org/esbuild/-/esbuild-0.8.9.tgz",
      "integrity": "sha512-HAV4mKJqos0L8g6pL7evrw/ZPm478yFNtkuYhqJAeTrIW40XtBxhHrt4Pm2faYeRB8K6nA7dTDgmF+O0e9JCXQ=="
    },
    "inherits": {
      "version": "2.0.4",
      "resolved": "https://registry.npmjs.org/inherits/-/inherits-2.0.4.tgz",
      "integrity": "sha512-k/vGaX4/Yla3WzyMCvTQOXYeIHvqOKtnqBduzTHpzpQZzAskKMhZ2K+EnBiSM9zGSoIFeMpXKxa4dYeZIQqewQ=="
    },
    "jsonify": {
      "version": "0.0.0",
      "resolved": "https://registry.npmjs.org/jsonify/-/jsonify-0.0.0.tgz",
      "integrity": "sha1-LHS27kHZPKUbe1qu6PUDYx0lKnM="
    },
    "resumer": {
      "version": "0.0.0",
      "resolved": "https://registry.npmjs.org/resumer/-/resumer-0.0.0.tgz",
      "integrity": "sha1-8ej0YeQGS6Oegq883CqMiT0HZ1k=",
      "requires": {
        "through": "~2.3.4"
      }
    },
    "tape": {
      "version": "2.3.3",
      "resolved": "https://registry.npmjs.org/tape/-/tape-2.3.3.tgz",
      "integrity": "sha1-Lnzgox3wn41oUWZKcYQuDKUFevc=",
      "requires": {
        "deep-equal": "~0.1.0",
        "defined": "~0.0.0",
        "inherits": "~2.0.1",
        "jsonify": "~0.0.0",
        "resumer": "~0.0.0",
        "through": "~2.3.4"
      }
    },
    "through": {
      "version": "2.3.8",
      "resolved": "https://registry.npmjs.org/through/-/through-2.3.8.tgz",
      "integrity": "sha1-DdTJ/6q8NXlgsbckEV1+Doai4fU="
    },
    "whatwg-streams": {
      "version": "0.1.1",
      "resolved": "https://registry.npmjs.org/whatwg-streams/-/whatwg-streams-0.1.1.tgz",
      "integrity": "sha1-3VV1yWW84T2nbcDdSVYpqHVy504=",
      "requires": {
        "bluebird": "~1.0.0",
        "tape": "~2.3.2"
      }
    }
  }
}
